
Microsoft Visual Studio Solution File, Format Version 12.00
# Visual Studio 14
VisualStudioVersion = 14.0.24720.0
MinimumVisualStudioVersion = 10.0.40219.1
Project("{F184B08F-C81C-45F6-A57F-5ABD9991F28F}") = "FF", "FF\FF.vbproj", "{4FFA7586-6797-4175-AB12-3E3AB95A367C}"
EndProject
Project("{F184B08F-C81C-45F6-A57F-5ABD9991F28F}") = "FantasyFootballWeb", "FantasyFootballWeb\FantasyFootballWeb.vbproj", "{AC6DCBF3-8DB4-4AB3-9744-74E0A9FC5F51}"
EndProject
Global
	GlobalSection(SolutionConfigurationPlatforms) = preSolution
		Debug|Any CPU = Debug|Any CPU
		Release|Any CPU = Release|Any CPU
	EndGlobalSection
	GlobalSection(ProjectConfigurationPlatforms) = postSolution
		{4FFA7586-6797-4175-AB12-3E3AB95A367C}.Debug|Any CPU.ActiveCfg = Debug|Any CPU
		{4FFA7586-6797-4175-AB12-3E3AB95A367C}.Debug|Any CPU.Build.0 = Debug|Any CPU
		{4FFA7586-6797-4175-AB12-3E3AB95A367C}.Release|Any CPU.ActiveCfg = Release|Any CPU
		{4FFA7586-6797-4175-AB12-3E3AB95A367C}.Release|Any CPU.Build.0 = Release|Any CPU
		{AC6DCBF3-8DB4-4AB3-9744-74E0A9FC5F51}.Debug|Any CPU.ActiveCfg = Debug|Any CPU
		{AC6DCBF3-8DB4-4AB3-9744-74E0A9FC5F51}.Debug|Any CPU.Build.0 = Debug|Any CPU
		{AC6DCBF3-8DB4-4AB3-9744-74E0A9FC5F51}.Release|Any CPU.ActiveCfg = Release|Any CPU
		{AC6DCBF3-8DB4-4AB3-9744-74E0A9FC5F51}.Release|Any CPU.Build.0 = Release|Any CPU
	EndGlobalSection
	GlobalSection(SolutionProperties) = preSolution
		HideSolutionNode = FALSE
	EndGlobalSection
EndGlobal
